
Microsoft Visual Studio Solution File, Format Version 12.00
# Visual Studio Version 17
VisualStudioVersion = 17.2.32505.173
MinimumVisualStudioVersion = 10.0.40219.1
Project("{FAE04EC0-301F-11D3-BF4B-00C04F79EFBC}") = "Algorythms", "Algorythms\Algorythms.csproj", "{147E917C-E300-43EF-8F77-AD575DE8386E}"
EndProject
Project("{FAE04EC0-301F-11D3-BF4B-00C04F79EFBC}") = "BinarySearch", "BinarySearch\BinarySearch.csproj", "{7032CA26-6FCB-491F-8F12-E6C9BD4BFFB4}"
EndProject
Global
	GlobalSection(SolutionConfigurationPlatforms) = preSolution
		Debug|Any CPU = Debug|Any CPU
		Release|Any CPU = Release|Any CPU
	EndGlobalSection
	GlobalSection(ProjectConfigurationPlatforms) = postSolution
		{147E917C-E300-43EF-8F77-AD575DE8386E}.Debug|Any CPU.ActiveCfg = Debug|Any CPU
		{147E917C-E300-43EF-8F77-AD575DE8386E}.Debug|Any CPU.Build.0 = Debug|Any CPU
		{147E917C-E300-43EF-8F77-AD575DE8386E}.Release|Any CPU.ActiveCfg = Release|Any CPU
		{147E917C-E300-43EF-8F77-AD575DE8386E}.Release|Any CPU.Build.0 = Release|Any CPU
		{7032CA26-6FCB-491F-8F12-E6C9BD4BFFB4}.Debug|Any CPU.ActiveCfg = Debug|Any CPU
		{7032CA26-6FCB-491F-8F12-E6C9BD4BFFB4}.Debug|Any CPU.Build.0 = Debug|Any CPU
		{7032CA26-6FCB-491F-8F12-E6C9BD4BFFB4}.Release|Any CPU.ActiveCfg = Release|Any CPU
		{7032CA26-6FCB-491F-8F12-E6C9BD4BFFB4}.Release|Any CPU.Build.0 = Release|Any CPU
	EndGlobalSection
	GlobalSection(SolutionProperties) = preSolution
		HideSolutionNode = FALSE
	EndGlobalSection
	GlobalSection(ExtensibilityGlobals) = postSolution
		SolutionGuid = {E0EEE725-BDBA-4C9E-B715-2F903345A80D}
	EndGlobalSection
EndGlobal
